
Microsoft Visual Studio Solution File, Format Version 12.00
# Visual Studio Version 17
VisualStudioVersion = 17.0.31903.59
MinimumVisualStudioVersion = 10.0.40219.1
Project("{2150E333-8FDC-42A3-9474-1A3956D46DE8}") = "Solution Items", "Solution Items", "{1A983E9E-0B86-47B3-AED5-76C772A2B6C4}"
	ProjectSection(SolutionItems) = preProject
		.editorconfig = .editorconfig
		README.md = README.md
	EndProjectSection
EndProject
Project("{2150E333-8FDC-42A3-9474-1A3956D46DE8}") = "src", "src", "{7822A776-98BD-4E10-BF2B-6C0ED08E143B}"
EndProject
Project("{2150E333-8FDC-42A3-9474-1A3956D46DE8}") = "samples", "samples", "{6723EDCA-44DF-4DC5-972C-612BC49AA2CD}"
EndProject
Project("{FAE04EC0-301F-11D3-BF4B-00C04F79EFBC}") = "CommerceApiClient", "src\CommerceApiClient\CommerceApiClient.csproj", "{8179F4CE-B227-4202-BBDF-AC1E4951EE66}"
EndProject
Project("{9A19103F-16F7-4668-BE54-9A1E7A4F7556}") = "CommerceApi.Shared", "..\CommerceApi\CommerceApi.Shared\CommerceApi.Shared.csproj", "{727B60C6-626D-4C93-92DA-89FD7741632A}"
EndProject
Project("{FAE04EC0-301F-11D3-BF4B-00C04F79EFBC}") = "CommerceApiClientSample", "samples\CommerceApiClientSample\CommerceApiClientSample.csproj", "{13264D05-679B-43D2-8742-FC529921F686}"
EndProject
Project("{9A19103F-16F7-4668-BE54-9A1E7A4F7556}") = "CommerceApiClient.DependencyInjection", "src\CommerceApiClient.DependencyInjection\CommerceApiClient.DependencyInjection.csproj", "{92F2C3B1-2B89-47F0-ABCB-D46B85AA4A18}"
EndProject
Global
	GlobalSection(SolutionConfigurationPlatforms) = preSolution
		Debug|Any CPU = Debug|Any CPU
		Release|Any CPU = Release|Any CPU
	EndGlobalSection
	GlobalSection(ProjectConfigurationPlatforms) = postSolution
		{8179F4CE-B227-4202-BBDF-AC1E4951EE66}.Debug|Any CPU.ActiveCfg = Debug|Any CPU
		{8179F4CE-B227-4202-BBDF-AC1E4951EE66}.Debug|Any CPU.Build.0 = Debug|Any CPU
		{8179F4CE-B227-4202-BBDF-AC1E4951EE66}.Release|Any CPU.ActiveCfg = Release|Any CPU
		{8179F4CE-B227-4202-BBDF-AC1E4951EE66}.Release|Any CPU.Build.0 = Release|Any CPU
		{727B60C6-626D-4C93-92DA-89FD7741632A}.Debug|Any CPU.ActiveCfg = Debug|Any CPU
		{727B60C6-626D-4C93-92DA-89FD7741632A}.Debug|Any CPU.Build.0 = Debug|Any CPU
		{727B60C6-626D-4C93-92DA-89FD7741632A}.Release|Any CPU.ActiveCfg = Release|Any CPU
		{727B60C6-626D-4C93-92DA-89FD7741632A}.Release|Any CPU.Build.0 = Release|Any CPU
		{13264D05-679B-43D2-8742-FC529921F686}.Debug|Any CPU.ActiveCfg = Debug|Any CPU
		{13264D05-679B-43D2-8742-FC529921F686}.Debug|Any CPU.Build.0 = Debug|Any CPU
		{13264D05-679B-43D2-8742-FC529921F686}.Release|Any CPU.ActiveCfg = Release|Any CPU
		{13264D05-679B-43D2-8742-FC529921F686}.Release|Any CPU.Build.0 = Release|Any CPU
		{92F2C3B1-2B89-47F0-ABCB-D46B85AA4A18}.Debug|Any CPU.ActiveCfg = Debug|Any CPU
		{92F2C3B1-2B89-47F0-ABCB-D46B85AA4A18}.Debug|Any CPU.Build.0 = Debug|Any CPU
		{92F2C3B1-2B89-47F0-ABCB-D46B85AA4A18}.Release|Any CPU.ActiveCfg = Release|Any CPU
		{92F2C3B1-2B89-47F0-ABCB-D46B85AA4A18}.Release|Any CPU.Build.0 = Release|Any CPU
	EndGlobalSection
	GlobalSection(SolutionProperties) = preSolution
		HideSolutionNode = FALSE
	EndGlobalSection
	GlobalSection(NestedProjects) = preSolution
		{8179F4CE-B227-4202-BBDF-AC1E4951EE66} = {7822A776-98BD-4E10-BF2B-6C0ED08E143B}
		{727B60C6-626D-4C93-92DA-89FD7741632A} = {7822A776-98BD-4E10-BF2B-6C0ED08E143B}
		{13264D05-679B-43D2-8742-FC529921F686} = {6723EDCA-44DF-4DC5-972C-612BC49AA2CD}
		{92F2C3B1-2B89-47F0-ABCB-D46B85AA4A18} = {7822A776-98BD-4E10-BF2B-6C0ED08E143B}
	EndGlobalSection
	GlobalSection(ExtensibilityGlobals) = postSolution
		SolutionGuid = {1A2206D1-06D8-49C9-B3B0-45843A697E25}
	EndGlobalSection
EndGlobal
